
Microsoft Visual Studio Solution File, Format Version 12.00
# Visual Studio Version 16
VisualStudioVersion = 16.0.30608.117
MinimumVisualStudioVersion = 10.0.40219.1
Project("{FAE04EC0-301F-11D3-BF4B-00C04F79EFBC}") = "ADXL345DataReceiver", "ADXL345DataReceiver\ADXL345DataReceiver.csproj", "{3908088A-0ECD-42C5-9551-D4ABFD534AD4}"
EndProject
Global
	GlobalSection(SolutionConfigurationPlatforms) = preSolution
		Debug|Any CPU = Debug|Any CPU
		Release|Any CPU = Release|Any CPU
	EndGlobalSection
	GlobalSection(ProjectConfigurationPlatforms) = postSolution
		{3908088A-0ECD-42C5-9551-D4ABFD534AD4}.Debug|Any CPU.ActiveCfg = Debug|Any CPU
		{3908088A-0ECD-42C5-9551-D4ABFD534AD4}.Debug|Any CPU.Build.0 = Debug|Any CPU
		{3908088A-0ECD-42C5-9551-D4ABFD534AD4}.Release|Any CPU.ActiveCfg = Release|Any CPU
		{3908088A-0ECD-42C5-9551-D4ABFD534AD4}.Release|Any CPU.Build.0 = Release|Any CPU
	EndGlobalSection
	GlobalSection(SolutionProperties) = preSolution
		HideSolutionNode = FALSE
	EndGlobalSection
	GlobalSection(ExtensibilityGlobals) = postSolution
		SolutionGuid = {70A59C90-E394-483B-94DB-7D8AFD784FD1}
	EndGlobalSection
EndGlobal
